
Microsoft Visual Studio Solution File, Format Version 12.00
# Visual Studio Version 17
VisualStudioVersion = 17.6.33801.468
MinimumVisualStudioVersion = 10.0.40219.1
Project("{FAE04EC0-301F-11D3-BF4B-00C04F79EFBC}") = "LinqWithObjects", "LinqWithObjects\LinqWithObjects.csproj", "{39125CC9-FE4C-4AD0-9B18-5513AE1827EB}"
EndProject
Project("{FAE04EC0-301F-11D3-BF4B-00C04F79EFBC}") = "LinqWithEfCore", "LinqWithEfCore\LinqWithEfCore.csproj", "{7F96191D-B64C-4FDA-861C-377EEA87EB62}"
EndProject
Global
	GlobalSection(SolutionConfigurationPlatforms) = preSolution
		Debug|Any CPU = Debug|Any CPU
		Release|Any CPU = Release|Any CPU
	EndGlobalSection
	GlobalSection(ProjectConfigurationPlatforms) = postSolution
		{39125CC9-FE4C-4AD0-9B18-5513AE1827EB}.Debug|Any CPU.ActiveCfg = Debug|Any CPU
		{39125CC9-FE4C-4AD0-9B18-5513AE1827EB}.Debug|Any CPU.Build.0 = Debug|Any CPU
		{39125CC9-FE4C-4AD0-9B18-5513AE1827EB}.Release|Any CPU.ActiveCfg = Release|Any CPU
		{39125CC9-FE4C-4AD0-9B18-5513AE1827EB}.Release|Any CPU.Build.0 = Release|Any CPU
		{7F96191D-B64C-4FDA-861C-377EEA87EB62}.Debug|Any CPU.ActiveCfg = Debug|Any CPU
		{7F96191D-B64C-4FDA-861C-377EEA87EB62}.Debug|Any CPU.Build.0 = Debug|Any CPU
		{7F96191D-B64C-4FDA-861C-377EEA87EB62}.Release|Any CPU.ActiveCfg = Release|Any CPU
		{7F96191D-B64C-4FDA-861C-377EEA87EB62}.Release|Any CPU.Build.0 = Release|Any CPU
	EndGlobalSection
	GlobalSection(SolutionProperties) = preSolution
		HideSolutionNode = FALSE
	EndGlobalSection
	GlobalSection(ExtensibilityGlobals) = postSolution
		SolutionGuid = {EF9A69BC-A972-462C-94D6-034F65B4C736}
	EndGlobalSection
EndGlobal
